// !$*UTF8*$!
{
	archiveVersion = 1;
	classes = {
	};
	objectVersion = 46;
	objects = {

/* Begin PBXBuildFile section */
		76250A8F1EA75193008961AE /* AppDelegate.swift in Sources */ = {isa = PBXBuildFile; fileRef = 76250A8E1EA75193008961AE /* AppDelegate.swift */; };
		76250A911EA75193008961AE /* ViewController.swift in Sources */ = {isa = PBXBuildFile; fileRef = 76250A901EA75193008961AE /* ViewController.swift */; };
		76250A941EA75193008961AE /* Main.storyboard in Resources */ = {isa = PBXBuildFile; fileRef = 76250A921EA75193008961AE /* Main.storyboard */; };
		76250A991EA75193008961AE /* LaunchScreen.storyboard in Resources */ = {isa = PBXBuildFile; fileRef = 76250A971EA75193008961AE /* LaunchScreen.storyboard */; };
		76250AA41EA75193008961AE /* WeChatTests.swift in Sources */ = {isa = PBXBuildFile; fileRef = 76250AA31EA75193008961AE /* WeChatTests.swift */; };
		76250AAF1EA75193008961AE /* WeChatUITests.swift in Sources */ = {isa = PBXBuildFile; fileRef = 76250AAE1EA75193008961AE /* WeChatUITests.swift */; };
		76250ADA1EA75557008961AE /* 0.jpg in Resources */ = {isa = PBXBuildFile; fileRef = 76250ABD1EA75557008961AE /* 0.jpg */; };
		76250ADB1EA75557008961AE /* 1.jpg in Resources */ = {isa = PBXBuildFile; fileRef = 76250ABE1EA75557008961AE /* 1.jpg */; };
		76250ADC1EA75557008961AE /* 10.jpg in Resources */ = {isa = PBXBuildFile; fileRef = 76250ABF1EA75557008961AE /* 10.jpg */; };
		76250ADD1EA75557008961AE /* 11.jpg in Resources */ = {isa = PBXBuildFile; fileRef = 76250AC01EA75557008961AE /* 11.jpg */; };
		76250ADE1EA75557008961AE /* 12.jpg in Resources */ = {isa = PBXBuildFile; fileRef = 76250AC11EA75557008961AE /* 12.jpg */; };
		76250ADF1EA75557008961AE /* 13.jpg in Resources */ = {isa = PBXBuildFile; fileRef = 76250AC21EA75557008961AE /* 13.jpg */; };
		76250AE01EA75557008961AE /* 14.jpg in Resources */ = {isa = PBXBuildFile; fileRef = 76250AC31EA75557008961AE /* 14.jpg */; };
		76250AE11EA75557008961AE /* 15.jpg in Resources */ = {isa = PBXBuildFile; fileRef = 76250AC41EA75557008961AE /* 15.jpg */; };
		76250AE21EA75557008961AE /* 16.jpg in Resources */ = {isa = PBXBuildFile; fileRef = 76250AC51EA75557008961AE /* 16.jpg */; };
		76250AE31EA75557008961AE /* 17.jpg in Resources */ = {isa = PBXBuildFile; fileRef = 76250AC61EA75557008961AE /* 17.jpg */; };
		76250AE41EA75557008961AE /* 18.jpg in Resources */ = {isa = PBXBuildFile; fileRef = 76250AC71EA75557008961AE /* 18.jpg */; };
		76250AE51EA75557008961AE /* 19.jpg in Resources */ = {isa = PBXBuildFile; fileRef = 76250AC81EA75557008961AE /* 19.jpg */; };
		76250AE61EA75557008961AE /* 2.jpg in Resources */ = {isa = PBXBuildFile; fileRef = 76250AC91EA75557008961AE /* 2.jpg */; };
		76250AE71EA75557008961AE /* 20.jpg in Resources */ = {isa = PBXBuildFile; fileRef = 76250ACA1EA75557008961AE /* 20.jpg */; };
		76250AE81EA75557008961AE /* 21.jpg in Resources */ = {isa = PBXBuildFile; fileRef = 76250ACB1EA75557008961AE /* 21.jpg */; };
		76250AE91EA75557008961AE /* 22.jpg in Resources */ = {isa = PBXBuildFile; fileRef = 76250ACC1EA75557008961AE /* 22.jpg */; };
		76250AEA1EA75557008961AE /* 23.jpg in Resources */ = {isa = PBXBuildFile; fileRef = 76250ACD1EA75557008961AE /* 23.jpg */; };
		76250AEB1EA75557008961AE /* 24.jpg in Resources */ = {isa = PBXBuildFile; fileRef = 76250ACE1EA75557008961AE /* 24.jpg */; };
		76250AEC1EA75557008961AE /* 25.jpg in Resources */ = {isa = PBXBuildFile; fileRef = 76250ACF1EA75557008961AE /* 25.jpg */; };
		76250AED1EA75557008961AE /* 26.jpg in Resources */ = {isa = PBXBuildFile; fileRef = 76250AD01EA75557008961AE /* 26.jpg */; };
		76250AEE1EA75557008961AE /* 27.jpg in Resources */ = {isa = PBXBuildFile; fileRef = 76250AD11EA75557008961AE /* 27.jpg */; };
		76250AEF1EA75557008961AE /* 28.jpg in Resources */ = {isa = PBXBuildFile; fileRef = 76250AD21EA75557008961AE /* 28.jpg */; };
		76250AF01EA75557008961AE /* 3.jpg in Resources */ = {isa = PBXBuildFile; fileRef = 76250AD31EA75557008961AE /* 3.jpg */; };
		76250AF11EA75557008961AE /* 4.jpg in Resources */ = {isa = PBXBuildFile; fileRef = 76250AD41EA75557008961AE /* 4.jpg */; };
		76250AF21EA75557008961AE /* 5.jpg in Resources */ = {isa = PBXBuildFile; fileRef = 76250AD51EA75557008961AE /* 5.jpg */; };
		76250AF31EA75557008961AE /* 6.jpg in Resources */ = {isa = PBXBuildFile; fileRef = 76250AD61EA75557008961AE /* 6.jpg */; };
		76250AF41EA75557008961AE /* 7.jpg in Resources */ = {isa = PBXBuildFile; fileRef = 76250AD71EA75557008961AE /* 7.jpg */; };
		76250AF51EA75557008961AE /* 8.jpg in Resources */ = {isa = PBXBuildFile; fileRef = 76250AD81EA75557008961AE /* 8.jpg */; };
		76250AF61EA75557008961AE /* 9.jpg in Resources */ = {isa = PBXBuildFile; fileRef = 76250AD91EA75557008961AE /* 9.jpg */; };
		76250AFC1EA7556D008961AE /* Contacts.xcassets in Resources */ = {isa = PBXBuildFile; fileRef = 76250AF71EA7556D008961AE /* Contacts.xcassets */; };
		76250AFD1EA7556D008961AE /* Discover.xcassets in Resources */ = {isa = PBXBuildFile; fileRef = 76250AF81EA7556D008961AE /* Discover.xcassets */; };
		76250AFE1EA7556D008961AE /* Home.xcassets in Resources */ = {isa = PBXBuildFile; fileRef = 76250AF91EA7556D008961AE /* Home.xcassets */; };
		76250AFF1EA7556D008961AE /* Images.xcassets in Resources */ = {isa = PBXBuildFile; fileRef = 76250AFA1EA7556D008961AE /* Images.xcassets */; };
		76250B001EA7556D008961AE /* Me.xcassets in Resources */ = {isa = PBXBuildFile; fileRef = 76250AFB1EA7556D008961AE /* Me.xcassets */; };
		76250B031EA75633008961AE /* ChatViewController.swift in Sources */ = {isa = PBXBuildFile; fileRef = 76250B021EA75633008961AE /* ChatViewController.swift */; };
		76250B051EA75642008961AE /* ContactsViewController.swift in Sources */ = {isa = PBXBuildFile; fileRef = 76250B041EA75642008961AE /* ContactsViewController.swift */; };
		76250B071EA75653008961AE /* DiscoverViewController.swift in Sources */ = {isa = PBXBuildFile; fileRef = 76250B061EA75653008961AE /* DiscoverViewController.swift */; };
		76250B091EA75668008961AE /* MeViewController.swift in Sources */ = {isa = PBXBuildFile; fileRef = 76250B081EA75668008961AE /* MeViewController.swift */; };
		76250B0B1EA75690008961AE /* TabBarController.swift in Sources */ = {isa = PBXBuildFile; fileRef = 76250B0A1EA75690008961AE /* TabBarController.swift */; };
		765913E11EA8640200AB9C64 /* ChatMessageCell.swift in Sources */ = {isa = PBXBuildFile; fileRef = 765913E01EA8640200AB9C64 /* ChatMessageCell.swift */; };
		7659145C1EA8A72300AB9C64 /* QRCodeScanViewController.swift in Sources */ = {isa = PBXBuildFile; fileRef = 7659145B1EA8A72300AB9C64 /* QRCodeScanViewController.swift */; };
		765914781EA8AAFF00AB9C64 /* codeframe@2x.png in Resources */ = {isa = PBXBuildFile; fileRef = 7659145F1EA8AAFF00AB9C64 /* codeframe@2x.png */; };
		765914791EA8AAFF00AB9C64 /* codeframe@3x.png in Resources */ = {isa = PBXBuildFile; fileRef = 765914601EA8AAFF00AB9C64 /* codeframe@3x.png */; };
		7659147A1EA8AAFF00AB9C64 /* ewm@2x.png in Resources */ = {isa = PBXBuildFile; fileRef = 765914611EA8AAFF00AB9C64 /* ewm@2x.png */; };
		7659147B1EA8AAFF00AB9C64 /* ewm@3x.png in Resources */ = {isa = PBXBuildFile; fileRef = 765914621EA8AAFF00AB9C64 /* ewm@3x.png */; };
		7659147C1EA8AAFF00AB9C64 /* fromPhoto@2x.png in Resources */ = {isa = PBXBuildFile; fileRef = 765914631EA8AAFF00AB9C64 /* fromPhoto@2x.png */; };
		7659147D1EA8AAFF00AB9C64 /* light@2x.png in Resources */ = {isa = PBXBuildFile; fileRef = 765914641EA8AAFF00AB9C64 /* light@2x.png */; };
		7659147E1EA8AAFF00AB9C64 /* lighton@2x.png in Resources */ = {isa = PBXBuildFile; fileRef = 765914651EA8AAFF00AB9C64 /* lighton@2x.png */; };
		7659147F1EA8AAFF00AB9C64 /* line@2x.png in Resources */ = {isa = PBXBuildFile; fileRef = 765914661EA8AAFF00AB9C64 /* line@2x.png */; };
		765914801EA8AAFF00AB9C64 /* qrcode_border@2x.png in Resources */ = {isa = PBXBuildFile; fileRef = 765914671EA8AAFF00AB9C64 /* qrcode_border@2x.png */; };
		765914811EA8AAFF00AB9C64 /* qrcode_button_background@2x.png in Resources */ = {isa = PBXBuildFile; fileRef = 765914681EA8AAFF00AB9C64 /* qrcode_button_background@2x.png */; };
		765914821EA8AAFF00AB9C64 /* qrcode_embeddedimage_shadow@2x.png in Resources */ = {isa = PBXBuildFile; fileRef = 765914691EA8AAFF00AB9C64 /* qrcode_embeddedimage_shadow@2x.png */; };
		765914831EA8AAFF00AB9C64 /* qrcode_scanline_barcode@2x.png in Resources */ = {isa = PBXBuildFile; fileRef = 7659146A1EA8AAFF00AB9C64 /* qrcode_scanline_barcode@2x.png */; };
		765914841EA8AAFF00AB9C64 /* qrcode_scanline_barcode@3x.png in Resources */ = {isa = PBXBuildFile; fileRef = 7659146B1EA8AAFF00AB9C64 /* qrcode_scanline_barcode@3x.png */; };
		765914851EA8AAFF00AB9C64 /* qrcode_scanline_qrcode@2x.png in Resources */ = {isa = PBXBuildFile; fileRef = 7659146C1EA8AAFF00AB9C64 /* qrcode_scanline_qrcode@2x.png */; };
		765914861EA8AAFF00AB9C64 /* qrcode_scanline_qrcode@3x.png in Resources */ = {isa = PBXBuildFile; fileRef = 7659146D1EA8AAFF00AB9C64 /* qrcode_scanline_qrcode@3x.png */; };
		765914871EA8AAFF00AB9C64 /* qrcode_tabbar_background@2x.png in Resources */ = {isa = PBXBuildFile; fileRef = 7659146E1EA8AAFF00AB9C64 /* qrcode_tabbar_background@2x.png */; };
		765914881EA8AAFF00AB9C64 /* qrcode_tabbar_icon_barcode@2x.png in Resources */ = {isa = PBXBuildFile; fileRef = 7659146F1EA8AAFF00AB9C64 /* qrcode_tabbar_icon_barcode@2x.png */; };
		765914891EA8AAFF00AB9C64 /* qrcode_tabbar_icon_barcode@3x.png in Resources */ = {isa = PBXBuildFile; fileRef = 765914701EA8AAFF00AB9C64 /* qrcode_tabbar_icon_barcode@3x.png */; };
		7659148A1EA8AAFF00AB9C64 /* qrcode_tabbar_icon_barcode_highlighted@2x.png in Resources */ = {isa = PBXBuildFile; fileRef = 765914711EA8AAFF00AB9C64 /* qrcode_tabbar_icon_barcode_highlighted@2x.png */; };
		7659148B1EA8AAFF00AB9C64 /* qrcode_tabbar_icon_barcode_highlighted@3x.png in Resources */ = {isa = PBXBuildFile; fileRef = 765914721EA8AAFF00AB9C64 /* qrcode_tabbar_icon_barcode_highlighted@3x.png */; };
		7659148C1EA8AAFF00AB9C64 /* qrcode_tabbar_icon_qrcode@2x.png in Resources */ = {isa = PBXBuildFile; fileRef = 765914731EA8AAFF00AB9C64 /* qrcode_tabbar_icon_qrcode@2x.png */; };
		7659148D1EA8AAFF00AB9C64 /* qrcode_tabbar_icon_qrcode@3x.png in Resources */ = {isa = PBXBuildFile; fileRef = 765914741EA8AAFF00AB9C64 /* qrcode_tabbar_icon_qrcode@3x.png */; };
		7659148E1EA8AAFF00AB9C64 /* qrcode_tabbar_icon_qrcode_highlighted@2x.png in Resources */ = {isa = PBXBuildFile; fileRef = 765914751EA8AAFF00AB9C64 /* qrcode_tabbar_icon_qrcode_highlighted@2x.png */; };
		7659148F1EA8AAFF00AB9C64 /* qrcode_tabbar_icon_qrcode_highlighted@3x.png in Resources */ = {isa = PBXBuildFile; fileRef = 765914761EA8AAFF00AB9C64 /* qrcode_tabbar_icon_qrcode_highlighted@3x.png */; };
		765914901EA8AAFF00AB9C64 /* qrcode_tip_background@2x.png in Resources */ = {isa = PBXBuildFile; fileRef = 765914771EA8AAFF00AB9C64 /* qrcode_tip_background@2x.png */; };
/* End PBXBuildFile section */

/* Begin PBXContainerItemProxy section */
		76250AA01EA75193008961AE /* PBXContainerItemProxy */ = {
			isa = PBXContainerItemProxy;
			containerPortal = 76250A831EA75193008961AE /* Project object */;
			proxyType = 1;
			remoteGlobalIDString = 76250A8A1EA75193008961AE;
			remoteInfo = WeChat;
		};
		76250AAB1EA75193008961AE /* PBXContainerItemProxy */ = {
			isa = PBXContainerItemProxy;
			containerPortal = 76250A831EA75193008961AE /* Project object */;
			proxyType = 1;
			remoteGlobalIDString = 76250A8A1EA75193008961AE;
			remoteInfo = WeChat;
		};
/* End PBXContainerItemProxy section */

/* Begin PBXFileReference section */
		76250A8B1EA75193008961AE /* WeChat.app */ = {isa = PBXFileReference; explicitFileType = wrapper.application; includeInIndex = 0; path = WeChat.app; sourceTree = BUILT_PRODUCTS_DIR; };
		76250A8E1EA75193008961AE /* AppDelegate.swift */ = {isa = PBXFileReference; lastKnownFileType = sourcecode.swift; path = AppDelegate.swift; sourceTree = "<group>"; };
		76250A901EA75193008961AE /* ViewController.swift */ = {isa = PBXFileReference; lastKnownFileType = sourcecode.swift; path = ViewController.swift; sourceTree = "<group>"; };
		76250A931EA75193008961AE /* Base */ = {isa = PBXFileReference; lastKnownFileType = file.storyboard; name = Base; path = Base.lproj/Main.storyboard; sourceTree = "<group>"; };
		76250A981EA75193008961AE /* Base */ = {isa = PBXFileReference; lastKnownFileType = file.storyboard; name = Base; path = Base.lproj/LaunchScreen.storyboard; sourceTree = "<group>"; };
		76250A9A1EA75193008961AE /* Info.plist */ = {isa = PBXFileReference; lastKnownFileType = text.plist.xml; path = Info.plist; sourceTree = "<group>"; };
		76250A9F1EA75193008961AE /* WeChatTests.xctest */ = {isa = PBXFileReference; explicitFileType = wrapper.cfbundle; includeInIndex = 0; path = WeChatTests.xctest; sourceTree = BUILT_PRODUCTS_DIR; };
		76250AA31EA75193008961AE /* WeChatTests.swift */ = {isa = PBXFileReference; lastKnownFileType = sourcecode.swift; path = WeChatTests.swift; sourceTree = "<group>"; };
		76250AA51EA75193008961AE /* Info.plist */ = {isa = PBXFileReference; lastKnownFileType = text.plist.xml; path = Info.plist; sourceTree = "<group>"; };
		76250AAA1EA75193008961AE /* WeChatUITests.xctest */ = {isa = PBXFileReference; explicitFileType = wrapper.cfbundle; includeInIndex = 0; path = WeChatUITests.xctest; sourceTree = BUILT_PRODUCTS_DIR; };
		76250AAE1EA75193008961AE /* WeChatUITests.swift */ = {isa = PBXFileReference; lastKnownFileType = sourcecode.swift; path = WeChatUITests.swift; sourceTree = "<group>"; };
		76250AB01EA75193008961AE /* Info.plist */ = {isa = PBXFileReference; lastKnownFileType = text.plist.xml; path = Info.plist; sourceTree = "<group>"; };
		76250ABD1EA75557008961AE /* 0.jpg */ = {isa = PBXFileReference; lastKnownFileType = image.jpeg; path = 0.jpg; sourceTree = "<group>"; };
		76250ABE1EA75557008961AE /* 1.jpg */ = {isa = PBXFileReference; lastKnownFileType = image.jpeg; path = 1.jpg; sourceTree = "<group>"; };
		76250ABF1EA75557008961AE /* 10.jpg */ = {isa = PBXFileReference; lastKnownFileType = image.jpeg; path = 10.jpg; sourceTree = "<group>"; };
		76250AC01EA75557008961AE /* 11.jpg */ = {isa = PBXFileReference; lastKnownFileType = image.jpeg; path = 11.jpg; sourceTree = "<group>"; };
		76250AC11EA75557008961AE /* 12.jpg */ = {isa = PBXFileReference; lastKnownFileType = image.jpeg; path = 12.jpg; sourceTree = "<group>"; };
		76250AC21EA75557008961AE /* 13.jpg */ = {isa = PBXFileReference; lastKnownFileType = image.jpeg; path = 13.jpg; sourceTree = "<group>"; };
		76250AC31EA75557008961AE /* 14.jpg */ = {isa = PBXFileReference; lastKnownFileType = image.jpeg; path = 14.jpg; sourceTree = "<group>"; };
		76250AC41EA75557008961AE /* 15.jpg */ = {isa = PBXFileReference; lastKnownFileType = image.jpeg; path = 15.jpg; sourceTree = "<group>"; };
		76250AC51EA75557008961AE /* 16.jpg */ = {isa = PBXFileReference; lastKnownFileType = image.jpeg; path = 16.jpg; sourceTree = "<group>"; };
		76250AC61EA75557008961AE /* 17.jpg */ = {isa = PBXFileReference; lastKnownFileType = image.jpeg; path = 17.jpg; sourceTree = "<group>"; };
		76250AC71EA75557008961AE /* 18.jpg */ = {isa = PBXFileReference; lastKnownFileType = image.jpeg; path = 18.jpg; sourceTree = "<group>"; };
		76250AC81EA75557008961AE /* 19.jpg */ = {isa = PBXFileReference; lastKnownFileType = image.jpeg; path = 19.jpg; sourceTree = "<group>"; };
		76250AC91EA75557008961AE /* 2.jpg */ = {isa = PBXFileReference; lastKnownFileType = image.jpeg; path = 2.jpg; sourceTree = "<group>"; };
		76250ACA1EA75557008961AE /* 20.jpg */ = {isa = PBXFileReference; lastKnownFileType = image.jpeg; path = 20.jpg; sourceTree = "<group>"; };
		76250ACB1EA75557008961AE /* 21.jpg */ = {isa = PBXFileReference; lastKnownFileType = image.jpeg; path = 21.jpg; sourceTree = "<group>"; };
		76250ACC1EA75557008961AE /* 22.jpg */ = {isa = PBXFileReference; lastKnownFileType = image.jpeg; path = 22.jpg; sourceTree = "<group>"; };
		76250ACD1EA75557008961AE /* 23.jpg */ = {isa = PBXFileReference; lastKnownFileType = image.jpeg; path = 23.jpg; sourceTree = "<group>"; };
		76250ACE1EA75557008961AE /* 24.jpg */ = {isa = PBXFileReference; lastKnownFileType = image.jpeg; path = 24.jpg; sourceTree = "<group>"; };
		76250ACF1EA75557008961AE /* 25.jpg */ = {isa = PBXFileReference; lastKnownFileType = image.jpeg; path = 25.jpg; sourceTree = "<group>"; };
		76250AD01EA75557008961AE /* 26.jpg */ = {isa = PBXFileReference; lastKnownFileType = image.jpeg; path = 26.jpg; sourceTree = "<group>"; };
		76250AD11EA75557008961AE /* 27.jpg */ = {isa = PBXFileReference; lastKnownFileType = image.jpeg; path = 27.jpg; sourceTree = "<group>"; };
		76250AD21EA75557008961AE /* 28.jpg */ = {isa = PBXFileReference; lastKnownFileType = image.jpeg; path = 28.jpg; sourceTree = "<group>"; };
		76250AD31EA75557008961AE /* 3.jpg */ = {isa = PBXFileReference; lastKnownFileType = image.jpeg; path = 3.jpg; sourceTree = "<group>"; };
		76250AD41EA75557008961AE /* 4.jpg */ = {isa = PBXFileReference; lastKnownFileType = image.jpeg; path = 4.jpg; sourceTree = "<group>"; };
		76250AD51EA75557008961AE /* 5.jpg */ = {isa = PBXFileReference; lastKnownFileType = image.jpeg; path = 5.jpg; sourceTree = "<group>"; };
		76250AD61EA75557008961AE /* 6.jpg */ = {isa = PBXFileReference; lastKnownFileType = image.jpeg; path = 6.jpg; sourceTree = "<group>"; };
		76250AD71EA75557008961AE /* 7.jpg */ = {isa = PBXFileReference; lastKnownFileType = image.jpeg; path = 7.jpg; sourceTree = "<group>"; };
		76250AD81EA75557008961AE /* 8.jpg */ = {isa = PBXFileReference; lastKnownFileType = image.jpeg; path = 8.jpg; sourceTree = "<group>"; };
		76250AD91EA75557008961AE /* 9.jpg */ = {isa = PBXFileReference; lastKnownFileType = image.jpeg; path = 9.jpg; sourceTree = "<group>"; };
		76250AF71EA7556D008961AE /* Contacts.xcassets */ = {isa = PBXFileReference; lastKnownFileType = folder.assetcatalog; name = Contacts.xcassets; path = ../Contacts.xcassets; sourceTree = "<group>"; };
		76250AF81EA7556D008961AE /* Discover.xcassets */ = {isa = PBXFileReference; lastKnownFileType = folder.assetcatalog; name = Discover.xcassets; path = ../Discover.xcassets; sourceTree = "<group>"; };
		76250AF91EA7556D008961AE /* Home.xcassets */ = {isa = PBXFileReference; lastKnownFileType = folder.assetcatalog; name = Home.xcassets; path = ../Home.xcassets; sourceTree = "<group>"; };
		76250AFA1EA7556D008961AE /* Images.xcassets */ = {isa = PBXFileReference; lastKnownFileType = folder.assetcatalog; name = Images.xcassets; path = ../Images.xcassets; sourceTree = "<group>"; };
		76250AFB1EA7556D008961AE /* Me.xcassets */ = {isa = PBXFileReference; lastKnownFileType = folder.assetcatalog; name = Me.xcassets; path = ../Me.xcassets; sourceTree = "<group>"; };
		76250B021EA75633008961AE /* ChatViewController.swift */ = {isa = PBXFileReference; fileEncoding = 4; lastKnownFileType = sourcecode.swift; path = ChatViewController.swift; sourceTree = "<group>"; };
		76250B041EA75642008961AE /* ContactsViewController.swift */ = {isa = PBXFileReference; fileEncoding = 4; lastKnownFileType = sourcecode.swift; path = ContactsViewController.swift; sourceTree = "<group>"; };
		76250B061EA75653008961AE /* DiscoverViewController.swift */ = {isa = PBXFileReference; fileEncoding = 4; lastKnownFileType = sourcecode.swift; path = DiscoverViewController.swift; sourceTree = "<group>"; };
		76250B081EA75668008961AE /* MeViewController.swift */ = {isa = PBXFileReference; fileEncoding = 4; lastKnownFileType = sourcecode.swift; path = MeViewController.swift; sourceTree = "<group>"; };
		76250B0A1EA75690008961AE /* TabBarController.swift */ = {isa = PBXFileReference; fileEncoding = 4; lastKnownFileType = sourcecode.swift; path = TabBarController.swift; sourceTree = "<group>"; };
		765913E01EA8640200AB9C64 /* ChatMessageCell.swift */ = {isa = PBXFileReference; fileEncoding = 4; lastKnownFileType = sourcecode.swift; path = ChatMessageCell.swift; sourceTree = "<group>"; };
		7659145B1EA8A72300AB9C64 /* QRCodeScanViewController.swift */ = {isa = PBXFileReference; fileEncoding = 4; lastKnownFileType = sourcecode.swift; path = QRCodeScanViewController.swift; sourceTree = "<group>"; };
		7659145F1EA8AAFF00AB9C64 /* codeframe@2x.png */ = {isa = PBXFileReference; lastKnownFileType = image.png; path = "codeframe@2x.png"; sourceTree = "<group>"; };
		765914601EA8AAFF00AB9C64 /* codeframe@3x.png */ = {isa = PBXFileReference; lastKnownFileType = image.png; path = "codeframe@3x.png"; sourceTree = "<group>"; };
		765914611EA8AAFF00AB9C64 /* ewm@2x.png */ = {isa = PBXFileReference; lastKnownFileType = image.png; path = "ewm@2x.png"; sourceTree = "<group>"; };
		765914621EA8AAFF00AB9C64 /* ewm@3x.png */ = {isa = PBXFileReference; lastKnownFileType = image.png; path = "ewm@3x.png"; sourceTree = "<group>"; };
		765914631EA8AAFF00AB9C64 /* fromPhoto@2x.png */ = {isa = PBXFileReference; lastKnownFileType = image.png; path = "fromPhoto@2x.png"; sourceTree = "<group>"; };
		765914641EA8AAFF00AB9C64 /* light@2x.png */ = {isa = PBXFileReference; lastKnownFileType = image.png; path = "light@2x.png"; sourceTree = "<group>"; };
		765914651EA8AAFF00AB9C64 /* lighton@2x.png */ = {isa = PBXFileReference; lastKnownFileType = image.png; path = "lighton@2x.png"; sourceTree = "<group>"; };
		765914661EA8AAFF00AB9C64 /* line@2x.png */ = {isa = PBXFileReference; lastKnownFileType = image.png; path = "line@2x.png"; sourceTree = "<group>"; };
		765914671EA8AAFF00AB9C64 /* qrcode_border@2x.png */ = {isa = PBXFileReference; lastKnownFileType = image.png; path = "qrcode_border@2x.png"; sourceTree = "<group>"; };
		765914681EA8AAFF00AB9C64 /* qrcode_button_background@2x.png */ = {isa = PBXFileReference; lastKnownFileType = image.png; path = "qrcode_button_background@2x.png"; sourceTree = "<group>"; };
		765914691EA8AAFF00AB9C64 /* qrcode_embeddedimage_shadow@2x.png */ = {isa = PBXFileReference; lastKnownFileType = image.png; path = "qrcode_embeddedimage_shadow@2x.png"; sourceTree = "<group>"; };
		7659146A1EA8AAFF00AB9C64 /* qrcode_scanline_barcode@2x.png */ = {isa = PBXFileReference; lastKnownFileType = image.png; path = "qrcode_scanline_barcode@2x.png"; sourceTree = "<group>"; };
		7659146B1EA8AAFF00AB9C64 /* qrcode_scanline_barcode@3x.png */ = {isa = PBXFileReference; lastKnownFileType = image.png; path = "qrcode_scanline_barcode@3x.png"; sourceTree = "<group>"; };
		7659146C1EA8AAFF00AB9C64 /* qrcode_scanline_qrcode@2x.png */ = {isa = PBXFileReference; lastKnownFileType = image.png; path = "qrcode_scanline_qrcode@2x.png"; sourceTree = "<group>"; };
		7659146D1EA8AAFF00AB9C64 /* qrcode_scanline_qrcode@3x.png */ = {isa = PBXFileReference; lastKnownFileType = image.png; path = "qrcode_scanline_qrcode@3x.png"; sourceTree = "<group>"; };
		7659146E1EA8AAFF00AB9C64 /* qrcode_tabbar_background@2x.png */ = {isa = PBXFileReference; lastKnownFileType = image.png; path = "qrcode_tabbar_background@2x.png"; sourceTree = "<group>"; };
		7659146F1EA8AAFF00AB9C64 /* qrcode_tabbar_icon_barcode@2x.png */ = {isa = PBXFileReference; lastKnownFileType = image.png; path = "qrcode_tabbar_icon_barcode@2x.png"; sourceTree = "<group>"; };
		765914701EA8AAFF00AB9C64 /* qrcode_tabbar_icon_barcode@3x.png */ = {isa = PBXFileReference; lastKnownFileType = image.png; path = "qrcode_tabbar_icon_barcode@3x.png"; sourceTree = "<group>"; };
		765914711EA8AAFF00AB9C64 /* qrcode_tabbar_icon_barcode_highlighted@2x.png */ = {isa = PBXFileReference; lastKnownFileType = image.png; path = "qrcode_tabbar_icon_barcode_highlighted@2x.png"; sourceTree = "<group>"; };
		765914721EA8AAFF00AB9C64 /* qrcode_tabbar_icon_barcode_highlighted@3x.png */ = {isa = PBXFileReference; lastKnownFileType = image.png; path = "qrcode_tabbar_icon_barcode_highlighted@3x.png"; sourceTree = "<group>"; };
		765914731EA8AAFF00AB9C64 /* qrcode_tabbar_icon_qrcode@2x.png */ = {isa = PBXFileReference; lastKnownFileType = image.png; path = "qrcode_tabbar_icon_qrcode@2x.png"; sourceTree = "<group>"; };
		765914741EA8AAFF00AB9C64 /* qrcode_tabbar_icon_qrcode@3x.png */ = {isa = PBXFileReference; lastKnownFileType = image.png; path = "qrcode_tabbar_icon_qrcode@3x.png"; sourceTree = "<group>"; };
		765914751EA8AAFF00AB9C64 /* qrcode_tabbar_icon_qrcode_highlighted@2x.png */ = {isa = PBXFileReference; lastKnownFileType = image.png; path = "qrcode_tabbar_icon_qrcode_highlighted@2x.png"; sourceTree = "<group>"; };
		765914761EA8AAFF00AB9C64 /* qrcode_tabbar_icon_qrcode_highlighted@3x.png */ = {isa = PBXFileReference; lastKnownFileType = image.png; path = "qrcode_tabbar_icon_qrcode_highlighted@3x.png"; sourceTree = "<group>"; };
		765914771EA8AAFF00AB9C64 /* qrcode_tip_background@2x.png */ = {isa = PBXFileReference; lastKnownFileType = image.png; path = "qrcode_tip_background@2x.png"; sourceTree = "<group>"; };
/* End PBXFileReference section */

/* Begin PBXFrameworksBuildPhase section */
		76250A881EA75193008961AE /* Frameworks */ = {
			isa = PBXFrameworksBuildPhase;
			buildActionMask = 2147483647;
			files = (
			);
			runOnlyForDeploymentPostprocessing = 0;
		};
		76250A9C1EA75193008961AE /* Frameworks */ = {
			isa = PBXFrameworksBuildPhase;
			buildActionMask = 2147483647;
			files = (
			);
			runOnlyForDeploymentPostprocessing = 0;
		};
		76250AA71EA75193008961AE /* Frameworks */ = {
			isa = PBXFrameworksBuildPhase;
			buildActionMask = 2147483647;
			files = (
			);
			runOnlyForDeploymentPostprocessing = 0;
		};
/* End PBXFrameworksBuildPhase section */

/* Begin PBXGroup section */
		76250A821EA75193008961AE = {
			isa = PBXGroup;
			children = (
				76250A8D1EA75193008961AE /* WeChat */,
				76250AA21EA75193008961AE /* WeChatTests */,
				76250AAD1EA75193008961AE /* WeChatUITests */,
				76250A8C1EA75193008961AE /* Products */,
			);
			sourceTree = "<group>";
		};
		76250A8C1EA75193008961AE /* Products */ = {
			isa = PBXGroup;
			children = (
				76250A8B1EA75193008961AE /* WeChat.app */,
				76250A9F1EA75193008961AE /* WeChatTests.xctest */,
				76250AAA1EA75193008961AE /* WeChatUITests.xctest */,
			);
			name = Products;
			sourceTree = "<group>";
		};
		76250A8D1EA75193008961AE /* WeChat */ = {
			isa = PBXGroup;
			children = (
				76250A8E1EA75193008961AE /* AppDelegate.swift */,
				765913DF1EA863BF00AB9C64 /* 微信 */,
				76250B041EA75642008961AE /* ContactsViewController.swift */,
				7659145D1EA8A73C00AB9C64 /* 发现 */,
				76250B081EA75668008961AE /* MeViewController.swift */,
				76250B0A1EA75690008961AE /* TabBarController.swift */,
				76250B011EA755D5008961AE /* Other */,
			);
			path = WeChat;
			sourceTree = "<group>";
		};
		76250AA21EA75193008961AE /* WeChatTests */ = {
			isa = PBXGroup;
			children = (
				76250AA31EA75193008961AE /* WeChatTests.swift */,
				76250AA51EA75193008961AE /* Info.plist */,
			);
			path = WeChatTests;
			sourceTree = "<group>";
		};
		76250AAD1EA75193008961AE /* WeChatUITests */ = {
			isa = PBXGroup;
			children = (
				76250AAE1EA75193008961AE /* WeChatUITests.swift */,
				76250AB01EA75193008961AE /* Info.plist */,
			);
			path = WeChatUITests;
			sourceTree = "<group>";
		};
		76250ABC1EA75557008961AE /* cell_icons */ = {
			isa = PBXGroup;
			children = (
				76250ABD1EA75557008961AE /* 0.jpg */,
				76250ABE1EA75557008961AE /* 1.jpg */,
				76250ABF1EA75557008961AE /* 10.jpg */,
				76250AC01EA75557008961AE /* 11.jpg */,
				76250AC11EA75557008961AE /* 12.jpg */,
				76250AC21EA75557008961AE /* 13.jpg */,
				76250AC31EA75557008961AE /* 14.jpg */,
				76250AC41EA75557008961AE /* 15.jpg */,
				76250AC51EA75557008961AE /* 16.jpg */,
				76250AC61EA75557008961AE /* 17.jpg */,
				76250AC71EA75557008961AE /* 18.jpg */,
				76250AC81EA75557008961AE /* 19.jpg */,
				76250AC91EA75557008961AE /* 2.jpg */,
				76250ACA1EA75557008961AE /* 20.jpg */,
				76250ACB1EA75557008961AE /* 21.jpg */,
				76250ACC1EA75557008961AE /* 22.jpg */,
				76250ACD1EA75557008961AE /* 23.jpg */,
				76250ACE1EA75557008961AE /* 24.jpg */,
				76250ACF1EA75557008961AE /* 25.jpg */,
				76250AD01EA75557008961AE /* 26.jpg */,
				76250AD11EA75557008961AE /* 27.jpg */,
				76250AD21EA75557008961AE /* 28.jpg */,
				76250AD31EA75557008961AE /* 3.jpg */,
				76250AD41EA75557008961AE /* 4.jpg */,
				76250AD51EA75557008961AE /* 5.jpg */,
				76250AD61EA75557008961AE /* 6.jpg */,
				76250AD71EA75557008961AE /* 7.jpg */,
				76250AD81EA75557008961AE /* 8.jpg */,
				76250AD91EA75557008961AE /* 9.jpg */,
			);
			path = cell_icons;
			sourceTree = "<group>";
		};
		76250B011EA755D5008961AE /* Other */ = {
			isa = PBXGroup;
			children = (
				76250A901EA75193008961AE /* ViewController.swift */,
				76250A921EA75193008961AE /* Main.storyboard */,
				76250A971EA75193008961AE /* LaunchScreen.storyboard */,
				76250A9A1EA75193008961AE /* Info.plist */,
				7659145E1EA8AAFF00AB9C64 /* QRCodeIcons */,
				76250ABC1EA75557008961AE /* cell_icons */,
				76250AF71EA7556D008961AE /* Contacts.xcassets */,
				76250AF81EA7556D008961AE /* Discover.xcassets */,
				76250AF91EA7556D008961AE /* Home.xcassets */,
				76250AFA1EA7556D008961AE /* Images.xcassets */,
				76250AFB1EA7556D008961AE /* Me.xcassets */,
			);
			name = Other;
			sourceTree = "<group>";
		};
		765913DF1EA863BF00AB9C64 /* 微信 */ = {
			isa = PBXGroup;
			children = (
				76250B021EA75633008961AE /* ChatViewController.swift */,
				765913E01EA8640200AB9C64 /* ChatMessageCell.swift */,
			);
			name = "微信";
			sourceTree = "<group>";
		};
		7659145D1EA8A73C00AB9C64 /* 发现 */ = {
			isa = PBXGroup;
			children = (
				76250B061EA75653008961AE /* DiscoverViewController.swift */,
				7659145B1EA8A72300AB9C64 /* QRCodeScanViewController.swift */,
			);
			name = "发现";
			sourceTree = "<group>";
		};
		7659145E1EA8AAFF00AB9C64 /* QRCodeIcons */ = {
			isa = PBXGroup;
			children = (
				7659145F1EA8AAFF00AB9C64 /* codeframe@2x.png */,
				765914601EA8AAFF00AB9C64 /* codeframe@3x.png */,
				765914611EA8AAFF00AB9C64 /* ewm@2x.png */,
				765914621EA8AAFF00AB9C64 /* ewm@3x.png */,
				765914631EA8AAFF00AB9C64 /* fromPhoto@2x.png */,
				765914641EA8AAFF00AB9C64 /* light@2x.png */,
				765914651EA8AAFF00AB9C64 /* lighton@2x.png */,
				765914661EA8AAFF00AB9C64 /* line@2x.png */,
				765914671EA8AAFF00AB9C64 /* qrcode_border@2x.png */,
				765914681EA8AAFF00AB9C64 /* qrcode_button_background@2x.png */,
				765914691EA8AAFF00AB9C64 /* qrcode_embeddedimage_shadow@2x.png */,
				7659146A1EA8AAFF00AB9C64 /* qrcode_scanline_barcode@2x.png */,
				7659146B1EA8AAFF00AB9C64 /* qrcode_scanline_barcode@3x.png */,
				7659146C1EA8AAFF00AB9C64 /* qrcode_scanline_qrcode@2x.png */,
				7659146D1EA8AAFF00AB9C64 /* qrcode_scanline_qrcode@3x.png */,
				7659146E1EA8AAFF00AB9C64 /* qrcode_tabbar_background@2x.png */,
				7659146F1EA8AAFF00AB9C64 /* qrcode_tabbar_icon_barcode@2x.png */,
				765914701EA8AAFF00AB9C64 /* qrcode_tabbar_icon_barcode@3x.png */,
				765914711EA8AAFF00AB9C64 /* qrcode_tabbar_icon_barcode_highlighted@2x.png */,
				765914721EA8AAFF00AB9C64 /* qrcode_tabbar_icon_barcode_highlighted@3x.png */,
				765914731EA8AAFF00AB9C64 /* qrcode_tabbar_icon_qrcode@2x.png */,
				765914741EA8AAFF00AB9C64 /* qrcode_tabbar_icon_qrcode@3x.png */,
				765914751EA8AAFF00AB9C64 /* qrcode_tabbar_icon_qrcode_highlighted@2x.png */,
				765914761EA8AAFF00AB9C64 /* qrcode_tabbar_icon_qrcode_highlighted@3x.png */,
				765914771EA8AAFF00AB9C64 /* qrcode_tip_background@2x.png */,
			);
			path = QRCodeIcons;
			sourceTree = "<group>";
		};
/* End PBXGroup section */

/* Begin PBXNativeTarget section */
		76250A8A1EA75193008961AE /* WeChat */ = {
			isa = PBXNativeTarget;
			buildConfigurationList = 76250AB31EA75193008961AE /* Build configuration list for PBXNativeTarget "WeChat" */;
			buildPhases = (
				76250A871EA75193008961AE /* Sources */,
				76250A881EA75193008961AE /* Frameworks */,
				76250A891EA75193008961AE /* Resources */,
			);
			buildRules = (
			);
			dependencies = (
			);
			name = WeChat;
			productName = WeChat;
			productReference = 76250A8B1EA75193008961AE /* WeChat.app */;
			productType = "com.apple.product-type.application";
		};
		76250A9E1EA75193008961AE /* WeChatTests */ = {
			isa = PBXNativeTarget;
			buildConfigurationList = 76250AB61EA75193008961AE /* Build configuration list for PBXNativeTarget "WeChatTests" */;
			buildPhases = (
				76250A9B1EA75193008961AE /* Sources */,
				76250A9C1EA75193008961AE /* Frameworks */,
				76250A9D1EA75193008961AE /* Resources */,
			);
			buildRules = (
			);
			dependencies = (
				76250AA11EA75193008961AE /* PBXTargetDependency */,
			);
			name = WeChatTests;
			productName = WeChatTests;
			productReference = 76250A9F1EA75193008961AE /* WeChatTests.xctest */;
			productType = "com.apple.product-type.bundle.unit-test";
		};
		76250AA91EA75193008961AE /* WeChatUITests */ = {
			isa = PBXNativeTarget;
			buildConfigurationList = 76250AB91EA75193008961AE /* Build configuration list for PBXNativeTarget "WeChatUITests" */;
			buildPhases = (
				76250AA61EA75193008961AE /* Sources */,
				76250AA71EA75193008961AE /* Frameworks */,
				76250AA81EA75193008961AE /* Resources */,
			);
			buildRules = (
			);
			dependencies = (
				76250AAC1EA75193008961AE /* PBXTargetDependency */,
			);
			name = WeChatUITests;
			productName = WeChatUITests;
			productReference = 76250AAA1EA75193008961AE /* WeChatUITests.xctest */;
			productType = "com.apple.product-type.bundle.ui-testing";
		};
/* End PBXNativeTarget section */

/* Begin PBXProject section */
		76250A831EA75193008961AE /* Project object */ = {
			isa = PBXProject;
			attributes = {
				LastSwiftUpdateCheck = 0830;
				LastUpgradeCheck = 0830;
				ORGANIZATIONNAME = PL;
				TargetAttributes = {
					76250A8A1EA75193008961AE = {
						CreatedOnToolsVersion = 8.3;
						ProvisioningStyle = Automatic;
					};
					76250A9E1EA75193008961AE = {
						CreatedOnToolsVersion = 8.3;
						ProvisioningStyle = Automatic;
						TestTargetID = 76250A8A1EA75193008961AE;
					};
					76250AA91EA75193008961AE = {
						CreatedOnToolsVersion = 8.3;
						ProvisioningStyle = Automatic;
						TestTargetID = 76250A8A1EA75193008961AE;
					};
				};
			};
			buildConfigurationList = 76250A861EA75193008961AE /* Build configuration list for PBXProject "WeChat" */;
			compatibilityVersion = "Xcode 3.2";
			developmentRegion = English;
			hasScannedForEncodings = 0;
			knownRegions = (
				en,
				Base,
			);
			mainGroup = 76250A821EA75193008961AE;
			productRefGroup = 76250A8C1EA75193008961AE /* Products */;
			projectDirPath = "";
			projectRoot = "";
			targets = (
				76250A8A1EA75193008961AE /* WeChat */,
				76250A9E1EA75193008961AE /* WeChatTests */,
				76250AA91EA75193008961AE /* WeChatUITests */,
			);
		};
/* End PBXProject section */

/* Begin PBXResourcesBuildPhase section */
		76250A891EA75193008961AE /* Resources */ = {
			isa = PBXResourcesBuildPhase;
			buildActionMask = 2147483647;
			files = (
				76250AF51EA75557008961AE /* 8.jpg in Resources */,
				765914861EA8AAFF00AB9C64 /* qrcode_scanline_qrcode@3x.png in Resources */,
				76250AE41EA75557008961AE /* 18.jpg in Resources */,
				7659148B1EA8AAFF00AB9C64 /* qrcode_tabbar_icon_barcode_highlighted@3x.png in Resources */,
				76250AE01EA75557008961AE /* 14.jpg in Resources */,
				76250AF61EA75557008961AE /* 9.jpg in Resources */,
				765914891EA8AAFF00AB9C64 /* qrcode_tabbar_icon_barcode@3x.png in Resources */,
				765914831EA8AAFF00AB9C64 /* qrcode_scanline_barcode@2x.png in Resources */,
				7659148F1EA8AAFF00AB9C64 /* qrcode_tabbar_icon_qrcode_highlighted@3x.png in Resources */,
				76250ADC1EA75557008961AE /* 10.jpg in Resources */,
				7659147E1EA8AAFF00AB9C64 /* lighton@2x.png in Resources */,
				765914851EA8AAFF00AB9C64 /* qrcode_scanline_qrcode@2x.png in Resources */,
				765914841EA8AAFF00AB9C64 /* qrcode_scanline_barcode@3x.png in Resources */,
				76250AF21EA75557008961AE /* 5.jpg in Resources */,
				76250ADF1EA75557008961AE /* 13.jpg in Resources */,
				7659147F1EA8AAFF00AB9C64 /* line@2x.png in Resources */,
				76250ADA1EA75557008961AE /* 0.jpg in Resources */,
				765914811EA8AAFF00AB9C64 /* qrcode_button_background@2x.png in Resources */,
				76250AFE1EA7556D008961AE /* Home.xcassets in Resources */,
				76250AF01EA75557008961AE /* 3.jpg in Resources */,
				76250AE81EA75557008961AE /* 21.jpg in Resources */,
				76250AF41EA75557008961AE /* 7.jpg in Resources */,
				76250AEC1EA75557008961AE /* 25.jpg in Resources */,
				765914871EA8AAFF00AB9C64 /* qrcode_tabbar_background@2x.png in Resources */,
				76250AFC1EA7556D008961AE /* Contacts.xcassets in Resources */,
				765914881EA8AAFF00AB9C64 /* qrcode_tabbar_icon_barcode@2x.png in Resources */,
				7659147A1EA8AAFF00AB9C64 /* ewm@2x.png in Resources */,
				76250ADE1EA75557008961AE /* 12.jpg in Resources */,
				76250AE11EA75557008961AE /* 15.jpg in Resources */,
				7659148C1EA8AAFF00AB9C64 /* qrcode_tabbar_icon_qrcode@2x.png in Resources */,
				76250AFF1EA7556D008961AE /* Images.xcassets in Resources */,
				76250B001EA7556D008961AE /* Me.xcassets in Resources */,
				76250AE71EA75557008961AE /* 20.jpg in Resources */,
				765914781EA8AAFF00AB9C64 /* codeframe@2x.png in Resources */,
				76250AEE1EA75557008961AE /* 27.jpg in Resources */,
				76250AF11EA75557008961AE /* 4.jpg in Resources */,
				7659147D1EA8AAFF00AB9C64 /* light@2x.png in Resources */,
				765914791EA8AAFF00AB9C64 /* codeframe@3x.png in Resources */,
				76250AF31EA75557008961AE /* 6.jpg in Resources */,
				76250ADB1EA75557008961AE /* 1.jpg in Resources */,
				7659148E1EA8AAFF00AB9C64 /* qrcode_tabbar_icon_qrcode_highlighted@2x.png in Resources */,
				765914821EA8AAFF00AB9C64 /* qrcode_embeddedimage_shadow@2x.png in Resources */,
				76250AEA1EA75557008961AE /* 23.jpg in Resources */,
				76250AE21EA75557008961AE /* 16.jpg in Resources */,
				76250AE51EA75557008961AE /* 19.jpg in Resources */,
				76250AEF1EA75557008961AE /* 28.jpg in Resources */,
				76250ADD1EA75557008961AE /* 11.jpg in Resources */,
				76250AE31EA75557008961AE /* 17.jpg in Resources */,
				76250AFD1EA7556D008961AE /* Discover.xcassets in Resources */,
				7659147B1EA8AAFF00AB9C64 /* ewm@3x.png in Resources */,
				76250AEB1EA75557008961AE /* 24.jpg in Resources */,
				76250AED1EA75557008961AE /* 26.jpg in Resources */,
				7659148A1EA8AAFF00AB9C64 /* qrcode_tabbar_icon_barcode_highlighted@2x.png in Resources */,
				765914801EA8AAFF00AB9C64 /* qrcode_border@2x.png in Resources */,
				7659148D1EA8AAFF00AB9C64 /* qrcode_tabbar_icon_qrcode@3x.png in Resources */,
				76250AE61EA75557008961AE /* 2.jpg in Resources */,
				765914901EA8AAFF00AB9C64 /* qrcode_tip_background@2x.png in Resources */,
				7659147C1EA8AAFF00AB9C64 /* fromPhoto@2x.png in Resources */,
				76250AE91EA75557008961AE /* 22.jpg in Resources */,
				76250A991EA75193008961AE /* LaunchScreen.storyboard in Resources */,
				76250A941EA75193008961AE /* Main.storyboard in Resources */,
			);
			runOnlyForDeploymentPostprocessing = 0;
		};
		76250A9D1EA75193008961AE /* Resources */ = {
			isa = PBXResourcesBuildPhase;
			buildActionMask = 2147483647;
			files = (
			);
			runOnlyForDeploymentPostprocessing = 0;
		};
		76250AA81EA75193008961AE /* Resources */ = {
			isa = PBXResourcesBuildPhase;
			buildActionMask = 2147483647;
			files = (
			);
			runOnlyForDeploymentPostprocessing = 0;
		};
/* End PBXResourcesBuildPhase section */

/* Begin PBXSourcesBuildPhase section */
		76250A871EA75193008961AE /* Sources */ = {
			isa = PBXSourcesBuildPhase;
			buildActionMask = 2147483647;
			files = (
				7659145C1EA8A72300AB9C64 /* QRCodeScanViewController.swift in Sources */,
				76250B091EA75668008961AE /* MeViewController.swift in Sources */,
				76250A911EA75193008961AE /* ViewController.swift in Sources */,
				76250B051EA75642008961AE /* ContactsViewController.swift in Sources */,
				76250B031EA75633008961AE /* ChatViewController.swift in Sources */,
				76250B0B1EA75690008961AE /* TabBarController.swift in Sources */,
				765913E11EA8640200AB9C64 /* ChatMessageCell.swift in Sources */,
				76250A8F1EA75193008961AE /* AppDelegate.swift in Sources */,
				76250B071EA75653008961AE /* DiscoverViewController.swift in Sources */,
			);
			runOnlyForDeploymentPostprocessing = 0;
		};
		76250A9B1EA75193008961AE /* Sources */ = {
			isa = PBXSourcesBuildPhase;
			buildActionMask = 2147483647;
			files = (
				76250AA41EA75193008961AE /* WeChatTests.swift in Sources */,
			);
			runOnlyForDeploymentPostprocessing = 0;
		};
		76250AA61EA75193008961AE /* Sources */ = {
			isa = PBXSourcesBuildPhase;
			buildActionMask = 2147483647;
			files = (
				76250AAF1EA75193008961AE /* WeChatUITests.swift in Sources */,
			);
			runOnlyForDeploymentPostprocessing = 0;
		};
/* End PBXSourcesBuildPhase section */

/* Begin PBXTargetDependency section */
		76250AA11EA75193008961AE /* PBXTargetDependency */ = {
			isa = PBXTargetDependency;
			target = 76250A8A1EA75193008961AE /* WeChat */;
			targetProxy = 76250AA01EA75193008961AE /* PBXContainerItemProxy */;
		};
		76250AAC1EA75193008961AE /* PBXTargetDependency */ = {
			isa = PBXTargetDependency;
			target = 76250A8A1EA75193008961AE /* WeChat */;
			targetProxy = 76250AAB1EA75193008961AE /* PBXContainerItemProxy */;
		};
/* End PBXTargetDependency section */

/* Begin PBXVariantGroup section */
		76250A921EA75193008961AE /* Main.storyboard */ = {
			isa = PBXVariantGroup;
			children = (
				76250A931EA75193008961AE /* Base */,
			);
			name = Main.storyboard;
			sourceTree = "<group>";
		};
		76250A971EA75193008961AE /* LaunchScreen.storyboard */ = {
			isa = PBXVariantGroup;
			children = (
				76250A981EA75193008961AE /* Base */,
			);
			name = LaunchScreen.storyboard;
			sourceTree = "<group>";
		};
/* End PBXVariantGroup section */

/* Begin XCBuildConfiguration section */
		76250AB11EA75193008961AE /* Debug */ = {
			isa = XCBuildConfiguration;
			buildSettings = {
				ALWAYS_SEARCH_USER_PATHS = NO;
				CLANG_ANALYZER_NONNULL = YES;
				CLANG_ANALYZER_NUMBER_OBJECT_CONVERSION = YES_AGGRESSIVE;
				CLANG_CXX_LANGUAGE_STANDARD = "gnu++0x";
				CLANG_CXX_LIBRARY = "libc++";
				CLANG_ENABLE_MODULES = YES;
				CLANG_ENABLE_OBJC_ARC = YES;
				CLANG_WARN_BOOL_CONVERSION = YES;
				CLANG_WARN_CONSTANT_CONVERSION = YES;
				CLANG_WARN_DIRECT_OBJC_ISA_USAGE = YES_ERROR;
				CLANG_WARN_DOCUMENTATION_COMMENTS = YES;
				CLANG_WARN_EMPTY_BODY = YES;
				CLANG_WARN_ENUM_CONVERSION = YES;
				CLANG_WARN_INFINITE_RECURSION = YES;
				CLANG_WARN_INT_CONVERSION = YES;
				CLANG_WARN_OBJC_ROOT_CLASS = YES_ERROR;
				CLANG_WARN_SUSPICIOUS_MOVE = YES;
				CLANG_WARN_UNREACHABLE_CODE = YES;
				CLANG_WARN__DUPLICATE_METHOD_MATCH = YES;
				"CODE_SIGN_IDENTITY[sdk=iphoneos*]" = "iPhone Developer";
				COPY_PHASE_STRIP = NO;
				DEBUG_INFORMATION_FORMAT = dwarf;
				ENABLE_STRICT_OBJC_MSGSEND = YES;
				ENABLE_TESTABILITY = YES;
				GCC_C_LANGUAGE_STANDARD = gnu99;
				GCC_DYNAMIC_NO_PIC = NO;
				GCC_NO_COMMON_BLOCKS = YES;
				GCC_OPTIMIZATION_LEVEL = 0;
				GCC_PREPROCESSOR_DEFINITIONS = (
					"DEBUG=1",
					"$(inherited)",
				);
				GCC_WARN_64_TO_32_BIT_CONVERSION = YES;
				GCC_WARN_ABOUT_RETURN_TYPE = YES_ERROR;
				GCC_WARN_UNDECLARED_SELECTOR = YES;
				GCC_WARN_UNINITIALIZED_AUTOS = YES_AGGRESSIVE;
				GCC_WARN_UNUSED_FUNCTION = YES;
				GCC_WARN_UNUSED_VARIABLE = YES;
				IPHONEOS_DEPLOYMENT_TARGET = 10.3;
				MTL_ENABLE_DEBUG_INFO = YES;
				ONLY_ACTIVE_ARCH = YES;
				SDKROOT = iphoneos;
				SWIFT_ACTIVE_COMPILATION_CONDITIONS = DEBUG;
				SWIFT_OPTIMIZATION_LEVEL = "-Onone";
			};
			name = Debug;
		};
		76250AB21EA75193008961AE /* Release */ = {
			isa = XCBuildConfiguration;
			buildSettings = {
				ALWAYS_SEARCH_USER_PATHS = NO;
				CLANG_ANALYZER_NONNULL = YES;
				CLANG_ANALYZER_NUMBER_OBJECT_CONVERSION = YES_AGGRESSIVE;
				CLANG_CXX_LANGUAGE_STANDARD = "gnu++0x";
				CLANG_CXX_LIBRARY = "libc++";
				CLANG_ENABLE_MODULES = YES;
				CLANG_ENABLE_OBJC_ARC = YES;
				CLANG_WARN_BOOL_CONVERSION = YES;
				CLANG_WARN_CONSTANT_CONVERSION = YES;
				CLANG_WARN_DIRECT_OBJC_ISA_USAGE = YES_ERROR;
				CLANG_WARN_DOCUMENTATION_COMMENTS = YES;
				CLANG_WARN_EMPTY_BODY = YES;
				CLANG_WARN_ENUM_CONVERSION = YES;
				CLANG_WARN_INFINITE_RECURSION = YES;
				CLANG_WARN_INT_CONVERSION = YES;
				CLANG_WARN_OBJC_ROOT_CLASS = YES_ERROR;
				CLANG_WARN_SUSPICIOUS_MOVE = YES;
				CLANG_WARN_UNREACHABLE_CODE = YES;
				CLANG_WARN__DUPLICATE_METHOD_MATCH = YES;
				"CODE_SIGN_IDENTITY[sdk=iphoneos*]" = "iPhone Developer";
				COPY_PHASE_STRIP = NO;
				DEBUG_INFORMATION_FORMAT = "dwarf-with-dsym";
				ENABLE_NS_ASSERTIONS = NO;
				ENABLE_STRICT_OBJC_MSGSEND = YES;
				GCC_C_LANGUAGE_STANDARD = gnu99;
				GCC_NO_COMMON_BLOCKS = YES;
				GCC_WARN_64_TO_32_BIT_CONVERSION = YES;
				GCC_WARN_ABOUT_RETURN_TYPE = YES_ERROR;
				GCC_WARN_UNDECLARED_SELECTOR = YES;
				GCC_WARN_UNINITIALIZED_AUTOS = YES_AGGRESSIVE;
				GCC_WARN_UNUSED_FUNCTION = YES;
				GCC_WARN_UNUSED_VARIABLE = YES;
				IPHONEOS_DEPLOYMENT_TARGET = 10.3;
				MTL_ENABLE_DEBUG_INFO = NO;
				SDKROOT = iphoneos;
				SWIFT_OPTIMIZATION_LEVEL = "-Owholemodule";
				VALIDATE_PRODUCT = YES;
			};
			name = Release;
		};
		76250AB41EA75193008961AE /* Debug */ = {
			isa = XCBuildConfiguration;
			buildSettings = {
				ASSETCATALOG_COMPILER_APPICON_NAME = AppIcon;
				ASSETCATALOG_COMPILER_LAUNCHIMAGE_NAME = LaunchImage;
				INFOPLIST_FILE = WeChat/Info.plist;
				LD_RUNPATH_SEARCH_PATHS = "$(inherited) @executable_path/Frameworks";
				PRODUCT_BUNDLE_IDENTIFIER = com.aidaiyouxi.WeChat;
				PRODUCT_NAME = "$(TARGET_NAME)";
				SWIFT_VERSION = 3.0;
			};
			name = Debug;
		};
		76250AB51EA75193008961AE /* Release */ = {
			isa = XCBuildConfiguration;
			buildSettings = {
				ASSETCATALOG_COMPILER_APPICON_NAME = AppIcon;
				ASSETCATALOG_COMPILER_LAUNCHIMAGE_NAME = LaunchImage;
				INFOPLIST_FILE = WeChat/Info.plist;
				LD_RUNPATH_SEARCH_PATHS = "$(inherited) @executable_path/Frameworks";
				PRODUCT_BUNDLE_IDENTIFIER = com.aidaiyouxi.WeChat;
				PRODUCT_NAME = "$(TARGET_NAME)";
				SWIFT_VERSION = 3.0;
			};
			name = Release;
		};
		76250AB71EA75193008961AE /* Debug */ = {
			isa = XCBuildConfiguration;
			buildSettings = {
				ALWAYS_EMBED_SWIFT_STANDARD_LIBRARIES = YES;
				BUNDLE_LOADER = "$(TEST_HOST)";
				INFOPLIST_FILE = WeChatTests/Info.plist;
				LD_RUNPATH_SEARCH_PATHS = "$(inherited) @executable_path/Frameworks @loader_path/Frameworks";
				PRODUCT_BUNDLE_IDENTIFIER = com.aidaiyouxi.WeChatTests;
				PRODUCT_NAME = "$(TARGET_NAME)";
				SWIFT_VERSION = 3.0;
				TEST_HOST = "$(BUILT_PRODUCTS_DIR)/WeChat.app/WeChat";
			};
			name = Debug;
		};
		76250AB81EA75193008961AE /* Release */ = {
			isa = XCBuildConfiguration;
			buildSettings = {
				ALWAYS_EMBED_SWIFT_STANDARD_LIBRARIES = YES;
				BUNDLE_LOADER = "$(TEST_HOST)";
				INFOPLIST_FILE = WeChatTests/Info.plist;
				LD_RUNPATH_SEARCH_PATHS = "$(inherited) @executable_path/Frameworks @loader_path/Frameworks";
				PRODUCT_BUNDLE_IDENTIFIER = com.aidaiyouxi.WeChatTests;
				PRODUCT_NAME = "$(TARGET_NAME)";
				SWIFT_VERSION = 3.0;
				TEST_HOST = "$(BUILT_PRODUCTS_DIR)/WeChat.app/WeChat";
			};
			name = Release;
		};
		76250ABA1EA75193008961AE /* Debug */ = {
			isa = XCBuildConfiguration;
			buildSettings = {
				ALWAYS_EMBED_SWIFT_STANDARD_LIBRARIES = YES;
				INFOPLIST_FILE = WeChatUITests/Info.plist;
				LD_RUNPATH_SEARCH_PATHS = "$(inherited) @executable_path/Frameworks @loader_path/Frameworks";
				PRODUCT_BUNDLE_IDENTIFIER = com.aidaiyouxi.WeChatUITests;
				PRODUCT_NAME = "$(TARGET_NAME)";
				SWIFT_VERSION = 3.0;
				TEST_TARGET_NAME = WeChat;
			};
			name = Debug;
		};
		76250ABB1EA75193008961AE /* Release */ = {
			isa = XCBuildConfiguration;
			buildSettings = {
				ALWAYS_EMBED_SWIFT_STANDARD_LIBRARIES = YES;
				INFOPLIST_FILE = WeChatUITests/Info.plist;
				LD_RUNPATH_SEARCH_PATHS = "$(inherited) @executable_path/Frameworks @loader_path/Frameworks";
				PRODUCT_BUNDLE_IDENTIFIER = com.aidaiyouxi.WeChatUITests;
				PRODUCT_NAME = "$(TARGET_NAME)";
				SWIFT_VERSION = 3.0;
				TEST_TARGET_NAME = WeChat;
			};
			name = Release;
		};
/* End XCBuildConfiguration section */

/* Begin XCConfigurationList section */
		76250A861EA75193008961AE /* Build configuration list for PBXProject "WeChat" */ = {
			isa = XCConfigurationList;
			buildConfigurations = (
				76250AB11EA75193008961AE /* Debug */,
				76250AB21EA75193008961AE /* Release */,
			);
			defaultConfigurationIsVisible = 0;
			defaultConfigurationName = Release;
		};
		76250AB31EA75193008961AE /* Build configuration list for PBXNativeTarget "WeChat" */ = {
			isa = XCConfigurationList;
			buildConfigurations = (
				76250AB41EA75193008961AE /* Debug */,
				76250AB51EA75193008961AE /* Release */,
			);
			defaultConfigurationIsVisible = 0;
			defaultConfigurationName = Release;
		};
		76250AB61EA75193008961AE /* Build configuration list for PBXNativeTarget "WeChatTests" */ = {
			isa = XCConfigurationList;
			buildConfigurations = (
				76250AB71EA75193008961AE /* Debug */,
				76250AB81EA75193008961AE /* Release */,
			);
			defaultConfigurationIsVisible = 0;
			defaultConfigurationName = Release;
		};
		76250AB91EA75193008961AE /* Build configuration list for PBXNativeTarget "WeChatUITests" */ = {
			isa = XCConfigurationList;
			buildConfigurations = (
				76250ABA1EA75193008961AE /* Debug */,
				76250ABB1EA75193008961AE /* Release */,
			);
			defaultConfigurationIsVisible = 0;
			defaultConfigurationName = Release;
		};
/* End XCConfigurationList section */
	};
	rootObject = 76250A831EA75193008961AE /* Project object */;
}
